
Microsoft Visual Studio Solution File, Format Version 12.00
# Visual Studio Version 16
VisualStudioVersion = 16.0.30717.126
MinimumVisualStudioVersion = 10.0.40219.1
Project("{9A19103F-16F7-4668-BE54-9A1E7A4F7556}") = "ExemploTestes", "ExemploTestes.csproj", "{8DAD20D0-2955-40DE-962B-4EAA9F16AF41}"
EndProject
Project("{FAE04EC0-301F-11D3-BF4B-00C04F79EFBC}") = "ExemploTestes.Test", "..\ExemploTestes.Test\ExemploTestes.Test.csproj", "{32919F8B-D558-4627-A0F5-0400BD1E2AE8}"
EndProject
Global
	GlobalSection(SolutionConfigurationPlatforms) = preSolution
		Debug|Any CPU = Debug|Any CPU
		Release|Any CPU = Release|Any CPU
	EndGlobalSection
	GlobalSection(ProjectConfigurationPlatforms) = postSolution
		{8DAD20D0-2955-40DE-962B-4EAA9F16AF41}.Debug|Any CPU.ActiveCfg = Debug|Any CPU
		{8DAD20D0-2955-40DE-962B-4EAA9F16AF41}.Debug|Any CPU.Build.0 = Debug|Any CPU
		{8DAD20D0-2955-40DE-962B-4EAA9F16AF41}.Release|Any CPU.ActiveCfg = Release|Any CPU
		{8DAD20D0-2955-40DE-962B-4EAA9F16AF41}.Release|Any CPU.Build.0 = Release|Any CPU
		{32919F8B-D558-4627-A0F5-0400BD1E2AE8}.Debug|Any CPU.ActiveCfg = Debug|Any CPU
		{32919F8B-D558-4627-A0F5-0400BD1E2AE8}.Debug|Any CPU.Build.0 = Debug|Any CPU
		{32919F8B-D558-4627-A0F5-0400BD1E2AE8}.Release|Any CPU.ActiveCfg = Release|Any CPU
		{32919F8B-D558-4627-A0F5-0400BD1E2AE8}.Release|Any CPU.Build.0 = Release|Any CPU
	EndGlobalSection
	GlobalSection(SolutionProperties) = preSolution
		HideSolutionNode = FALSE
	EndGlobalSection
	GlobalSection(ExtensibilityGlobals) = postSolution
		SolutionGuid = {D2863765-9B7E-4037-B60E-4D16188579B7}
	EndGlobalSection
EndGlobal
